
Microsoft Visual Studio Solution File, Format Version 12.00
# Visual Studio Version 17
VisualStudioVersion = 17.5.33530.505
MinimumVisualStudioVersion = 10.0.40219.1
Project("{9A19103F-16F7-4668-BE54-9A1E7A4F7556}") = "desing-patterns", "desing-patterns.csproj", "{96EE907B-C641-4713-BB25-78817540F8FC}"
EndProject
Project("{FAE04EC0-301F-11D3-BF4B-00C04F79EFBC}") = "FactoryTela", "Criação\Classe\Factory\FactoryTela\FactoryTela.csproj", "{2EA6C160-53F7-4F9C-B7C8-5DCDE3CCD477}"
EndProject
Global
	GlobalSection(SolutionConfigurationPlatforms) = preSolution
		Debug|Any CPU = Debug|Any CPU
		Release|Any CPU = Release|Any CPU
	EndGlobalSection
	GlobalSection(ProjectConfigurationPlatforms) = postSolution
		{96EE907B-C641-4713-BB25-78817540F8FC}.Debug|Any CPU.ActiveCfg = Debug|Any CPU
		{96EE907B-C641-4713-BB25-78817540F8FC}.Debug|Any CPU.Build.0 = Debug|Any CPU
		{96EE907B-C641-4713-BB25-78817540F8FC}.Release|Any CPU.ActiveCfg = Release|Any CPU
		{96EE907B-C641-4713-BB25-78817540F8FC}.Release|Any CPU.Build.0 = Release|Any CPU
		{2EA6C160-53F7-4F9C-B7C8-5DCDE3CCD477}.Debug|Any CPU.ActiveCfg = Debug|Any CPU
		{2EA6C160-53F7-4F9C-B7C8-5DCDE3CCD477}.Debug|Any CPU.Build.0 = Debug|Any CPU
		{2EA6C160-53F7-4F9C-B7C8-5DCDE3CCD477}.Release|Any CPU.ActiveCfg = Release|Any CPU
		{2EA6C160-53F7-4F9C-B7C8-5DCDE3CCD477}.Release|Any CPU.Build.0 = Release|Any CPU
	EndGlobalSection
	GlobalSection(SolutionProperties) = preSolution
		HideSolutionNode = FALSE
	EndGlobalSection
	GlobalSection(ExtensibilityGlobals) = postSolution
		SolutionGuid = {341F6B06-C040-4442-82F3-22AB71234841}
	EndGlobalSection
EndGlobal
